
Microsoft Visual Studio Solution File, Format Version 12.00
# Visual Studio Version 17
VisualStudioVersion = 17.11.35327.3
MinimumVisualStudioVersion = 10.0.40219.1
Project("{2150E333-8FDC-42A3-9474-1A3956D46DE8}") = "Core", "Core", "{07A40007-4A34-42ED-9C7F-0C79837F5A0C}"
EndProject
Project("{2150E333-8FDC-42A3-9474-1A3956D46DE8}") = "Infrastructure", "Infrastructure", "{C7D2E717-4629-495A-A644-AFD97E96BEEA}"
EndProject
Project("{2150E333-8FDC-42A3-9474-1A3956D46DE8}") = "Presentation", "Presentation", "{4D0E2276-3AED-4627-86DA-23E3ED026E81}"
EndProject
Project("{2150E333-8FDC-42A3-9474-1A3956D46DE8}") = "NUnitTests", "NUnitTests", "{E0FAE3DE-3B52-4CB8-B5D6-36FD115BADD9}"
EndProject
Project("{9A19103F-16F7-4668-BE54-9A1E7A4F7556}") = "RentalApp.Domain", "RentalApp.Domain\RentalApp.Domain.csproj", "{46ED4B4B-B3CD-4C28-A500-FE22186BC721}"
EndProject
Project("{9A19103F-16F7-4668-BE54-9A1E7A4F7556}") = "RentalApp.Application", "RentalApp.Application\RentalApp.Application.csproj", "{939807E1-723A-4C13-B78A-1574B2B4B9FA}"
EndProject
Project("{9A19103F-16F7-4668-BE54-9A1E7A4F7556}") = "RentalApp.Infrastructure", "RentalApp.Infrastructure\RentalApp.Infrastructure.csproj", "{4E12EF69-B901-4B81-8F17-6EA43F804FAB}"
EndProject
Project("{9A19103F-16F7-4668-BE54-9A1E7A4F7556}") = "RentalApp.WebAPI", "RentalApp.WebAPI\RentalApp.WebAPI.csproj", "{854A5ACB-3DCD-456A-867B-2E8268195AEA}"
EndProject
Project("{2150E333-8FDC-42A3-9474-1A3956D46DE8}") = "NUnitTests.Application", "NUnitTests.Application", "{444C6134-58C5-4299-A63A-E3BDDA5EBAB2}"
EndProject
Project("{2150E333-8FDC-42A3-9474-1A3956D46DE8}") = "NUnitTests.Domain", "NUnitTests.Domain", "{A434D057-B219-41BF-A4A8-7D38F95EDE29}"
EndProject
Project("{9A19103F-16F7-4668-BE54-9A1E7A4F7556}") = "RentalApp.NUnitTests.Domain", "RentalApp.NUnitTests.Domain\RentalApp.NUnitTests.Domain.csproj", "{E454A223-B644-4250-BC89-9C3FCF3292A6}"
EndProject
Project("{2150E333-8FDC-42A3-9474-1A3956D46DE8}") = "NUnitTests.Infrasctructre", "NUnitTests.Infrasctructre", "{48FCA4DD-6DA6-4D23-AC85-F2F02573C6A7}"
EndProject
Project("{9A19103F-16F7-4668-BE54-9A1E7A4F7556}") = "RentalApp.NUnitTests.Infrasctructre", "RentalApp.NUnitTests.Infrasctructre\RentalApp.NUnitTests.Infrasctructre.csproj", "{7E4629A1-30AF-47B2-B601-57FB11C43ECF}"
EndProject
Project("{9A19103F-16F7-4668-BE54-9A1E7A4F7556}") = "NUnitTests.Application", "NUnitTests.Application\NUnitTests.Application.csproj", "{5ECD308D-DE5C-47BF-8426-FE2EF00655B1}"
EndProject
Project("{2150E333-8FDC-42A3-9474-1A3956D46DE8}") = "NUnitTests.WebAPI", "NUnitTests.WebAPI", "{597598BA-D3A4-4EF1-9352-9E35325E26A5}"
EndProject
Project("{9A19103F-16F7-4668-BE54-9A1E7A4F7556}") = "RentalApp.NUnitTests.WebAPI", "RentalApp.NUnitTests.WebAPI\RentalApp.NUnitTests.WebAPI.csproj", "{1F6AC1EA-3953-4F08-9050-9E21444AE95B}"
EndProject
Project("{2150E333-8FDC-42A3-9474-1A3956D46DE8}") = "User", "User", "{A74293F4-3E13-41A6-A74A-2B353818FCE6}"
EndProject
Global
	GlobalSection(SolutionConfigurationPlatforms) = preSolution
		Debug|Any CPU = Debug|Any CPU
		Release|Any CPU = Release|Any CPU
	EndGlobalSection
	GlobalSection(ProjectConfigurationPlatforms) = postSolution
		{46ED4B4B-B3CD-4C28-A500-FE22186BC721}.Debug|Any CPU.ActiveCfg = Debug|Any CPU
		{46ED4B4B-B3CD-4C28-A500-FE22186BC721}.Debug|Any CPU.Build.0 = Debug|Any CPU
		{46ED4B4B-B3CD-4C28-A500-FE22186BC721}.Release|Any CPU.ActiveCfg = Release|Any CPU
		{46ED4B4B-B3CD-4C28-A500-FE22186BC721}.Release|Any CPU.Build.0 = Release|Any CPU
		{939807E1-723A-4C13-B78A-1574B2B4B9FA}.Debug|Any CPU.ActiveCfg = Debug|Any CPU
		{939807E1-723A-4C13-B78A-1574B2B4B9FA}.Debug|Any CPU.Build.0 = Debug|Any CPU
		{939807E1-723A-4C13-B78A-1574B2B4B9FA}.Release|Any CPU.ActiveCfg = Release|Any CPU
		{939807E1-723A-4C13-B78A-1574B2B4B9FA}.Release|Any CPU.Build.0 = Release|Any CPU
		{4E12EF69-B901-4B81-8F17-6EA43F804FAB}.Debug|Any CPU.ActiveCfg = Debug|Any CPU
		{4E12EF69-B901-4B81-8F17-6EA43F804FAB}.Debug|Any CPU.Build.0 = Debug|Any CPU
		{4E12EF69-B901-4B81-8F17-6EA43F804FAB}.Release|Any CPU.ActiveCfg = Release|Any CPU
		{4E12EF69-B901-4B81-8F17-6EA43F804FAB}.Release|Any CPU.Build.0 = Release|Any CPU
		{854A5ACB-3DCD-456A-867B-2E8268195AEA}.Debug|Any CPU.ActiveCfg = Debug|Any CPU
		{854A5ACB-3DCD-456A-867B-2E8268195AEA}.Debug|Any CPU.Build.0 = Debug|Any CPU
		{854A5ACB-3DCD-456A-867B-2E8268195AEA}.Release|Any CPU.ActiveCfg = Release|Any CPU
		{854A5ACB-3DCD-456A-867B-2E8268195AEA}.Release|Any CPU.Build.0 = Release|Any CPU
		{E454A223-B644-4250-BC89-9C3FCF3292A6}.Debug|Any CPU.ActiveCfg = Debug|Any CPU
		{E454A223-B644-4250-BC89-9C3FCF3292A6}.Debug|Any CPU.Build.0 = Debug|Any CPU
		{E454A223-B644-4250-BC89-9C3FCF3292A6}.Release|Any CPU.ActiveCfg = Release|Any CPU
		{E454A223-B644-4250-BC89-9C3FCF3292A6}.Release|Any CPU.Build.0 = Release|Any CPU
		{7E4629A1-30AF-47B2-B601-57FB11C43ECF}.Debug|Any CPU.ActiveCfg = Debug|Any CPU
		{7E4629A1-30AF-47B2-B601-57FB11C43ECF}.Debug|Any CPU.Build.0 = Debug|Any CPU
		{7E4629A1-30AF-47B2-B601-57FB11C43ECF}.Release|Any CPU.ActiveCfg = Release|Any CPU
		{7E4629A1-30AF-47B2-B601-57FB11C43ECF}.Release|Any CPU.Build.0 = Release|Any CPU
		{5ECD308D-DE5C-47BF-8426-FE2EF00655B1}.Debug|Any CPU.ActiveCfg = Debug|Any CPU
		{5ECD308D-DE5C-47BF-8426-FE2EF00655B1}.Debug|Any CPU.Build.0 = Debug|Any CPU
		{5ECD308D-DE5C-47BF-8426-FE2EF00655B1}.Release|Any CPU.ActiveCfg = Release|Any CPU
		{5ECD308D-DE5C-47BF-8426-FE2EF00655B1}.Release|Any CPU.Build.0 = Release|Any CPU
		{1F6AC1EA-3953-4F08-9050-9E21444AE95B}.Debug|Any CPU.ActiveCfg = Debug|Any CPU
		{1F6AC1EA-3953-4F08-9050-9E21444AE95B}.Debug|Any CPU.Build.0 = Debug|Any CPU
		{1F6AC1EA-3953-4F08-9050-9E21444AE95B}.Release|Any CPU.ActiveCfg = Release|Any CPU
		{1F6AC1EA-3953-4F08-9050-9E21444AE95B}.Release|Any CPU.Build.0 = Release|Any CPU
	EndGlobalSection
	GlobalSection(SolutionProperties) = preSolution
		HideSolutionNode = FALSE
	EndGlobalSection
	GlobalSection(NestedProjects) = preSolution
		{46ED4B4B-B3CD-4C28-A500-FE22186BC721} = {07A40007-4A34-42ED-9C7F-0C79837F5A0C}
		{939807E1-723A-4C13-B78A-1574B2B4B9FA} = {07A40007-4A34-42ED-9C7F-0C79837F5A0C}
		{4E12EF69-B901-4B81-8F17-6EA43F804FAB} = {C7D2E717-4629-495A-A644-AFD97E96BEEA}
		{854A5ACB-3DCD-456A-867B-2E8268195AEA} = {4D0E2276-3AED-4627-86DA-23E3ED026E81}
		{444C6134-58C5-4299-A63A-E3BDDA5EBAB2} = {E0FAE3DE-3B52-4CB8-B5D6-36FD115BADD9}
		{A434D057-B219-41BF-A4A8-7D38F95EDE29} = {E0FAE3DE-3B52-4CB8-B5D6-36FD115BADD9}
		{E454A223-B644-4250-BC89-9C3FCF3292A6} = {A434D057-B219-41BF-A4A8-7D38F95EDE29}
		{48FCA4DD-6DA6-4D23-AC85-F2F02573C6A7} = {E0FAE3DE-3B52-4CB8-B5D6-36FD115BADD9}
		{7E4629A1-30AF-47B2-B601-57FB11C43ECF} = {48FCA4DD-6DA6-4D23-AC85-F2F02573C6A7}
		{5ECD308D-DE5C-47BF-8426-FE2EF00655B1} = {A74293F4-3E13-41A6-A74A-2B353818FCE6}
		{597598BA-D3A4-4EF1-9352-9E35325E26A5} = {E0FAE3DE-3B52-4CB8-B5D6-36FD115BADD9}
		{1F6AC1EA-3953-4F08-9050-9E21444AE95B} = {597598BA-D3A4-4EF1-9352-9E35325E26A5}
		{A74293F4-3E13-41A6-A74A-2B353818FCE6} = {444C6134-58C5-4299-A63A-E3BDDA5EBAB2}
	EndGlobalSection
	GlobalSection(ExtensibilityGlobals) = postSolution
		SolutionGuid = {75A41612-B91A-4145-A506-1996E41C73C7}
	EndGlobalSection
EndGlobal
